<?xml version="1.0" encoding="utf-8"?>
<Project ToolsVersion="4.0" xmlns="http://schemas.microsoft.com/developer/msbuild/2003">
  <ItemGroup>
    <Filter Include="Archivos de origen">
      <UniqueIdentifier>{4FC737F1-C7A5-4376-A066-2A32D752A2FF}</UniqueIdentifier>
      <Extensions>cpp;c;cc;cxx;c++;cppm;ixx;def;odl;idl;hpj;bat;asm;asmx</Extensions>
    </Filter>
    <Filter Include="Archivos de encabezado">
      <UniqueIdentifier>{93995380-89BD-4b04-88EB-625FBE52EBFB}</UniqueIdentifier>
      <Extensions>h;hh;hpp;hxx;h++;hm;inl;inc;ipp;xsd</Extensions>
    </Filter>
    <Filter Include="Archivos de recursos">
      <UniqueIdentifier>{67DA6AB6-F800-4c08-8B7A-83BB121AAD01}</UniqueIdentifier>
      <Extensions>rc;ico;cur;bmp;dlg;rc2;rct;bin;rgs;gif;jpg;jpeg;jpe;resx;tiff;tif;png;wav;mfcribbon-ms</Extensions>
    </Filter>
    <Filter Include="Estados">
      <UniqueIdentifier>{dc5ee6e3-30d9-4f21-9a3d-42ff016f373a}</UniqueIdentifier>
    </Filter>
    <Filter Include="Componentes">
      <UniqueIdentifier>{9475c805-71e8-45c1-8987-a4fe41680f0b}</UniqueIdentifier>
    </Filter>
    <Filter Include="Accesorios">
      <UniqueIdentifier>{a0bdbd33-0d77-46c4-bd41-eb3bd4d597ff}</UniqueIdentifier>
    </Filter>
    <Filter Include="Entidades">
      <UniqueIdentifier>{dd32afd5-5ef9-45dc-9072-f2771af6832e}</UniqueIdentifier>
    </Filter>
    <Filter Include="Tile">
      <UniqueIdentifier>{76af1e10-95ef-4b81-b102-f5f48e6c5db2}</UniqueIdentifier>
    </Filter>
    <Filter Include="GUI">
      <UniqueIdentifier>{288a7fb7-3c08-4081-943b-94ebb447e438}</UniqueIdentifier>
    </Filter>
    <Filter Include="Map">
      <UniqueIdentifier>{d51ac406-4155-4f33-9094-be9c6595fccd}</UniqueIdentifier>
    </Filter>
    <Filter Include="Items">
      <UniqueIdentifier>{ebc663cf-541b-4eab-9a69-317cced77ec8}</UniqueIdentifier>
    </Filter>
    <Filter Include="Items\Armas">
      <UniqueIdentifier>{d257074e-ae88-49b6-a790-def8bf3c24c0}</UniqueIdentifier>
    </Filter>
    <Filter Include="Estados\Editor">
      <UniqueIdentifier>{1c3e9637-c3a1-43d2-8047-bad24eb1c5b6}</UniqueIdentifier>
    </Filter>
    <Filter Include="Entidades\Player">
      <UniqueIdentifier>{d7bcd04e-c587-46fd-8639-a8657608c296}</UniqueIdentifier>
    </Filter>
    <Filter Include="Entidades\Enemigos">
      <UniqueIdentifier>{e19a508a-17be-41d1-aebe-25619180ed19}</UniqueIdentifier>
    </Filter>
  </ItemGroup>
  <ItemGroup>
    <ClCompile Include="Game.cpp">
      <Filter>Archivos de origen</Filter>
    </ClCompile>
    <ClCompile Include="EstadoBase.cpp">
      <Filter>Estados</Filter>
    </ClCompile>
    <ClCompile Include="EstadoJuego.cpp">
      <Filter>Estados</Filter>
    </ClCompile>
    <ClCompile Include="EstadoMenuPrincipal.cpp">
      <Filter>Estados</Filter>
    </ClCompile>
    <ClCompile Include="Entidades.cpp">
      <Filter>Entidades</Filter>
    </ClCompile>
    <ClCompile Include="Animacion.cpp">
      <Filter>Componentes</Filter>
    </ClCompile>
    <ClCompile Include="Movimiento.cpp">
      <Filter>Componentes</Filter>
    </ClCompile>
    <ClCompile Include="Hitbox.cpp">
      <Filter>Componentes</Filter>
    </ClCompile>
    <ClCompile Include="Tile.cpp">
      <Filter>Tile</Filter>
    </ClCompile>
    <ClCompile Include="MenuPausa.cpp">
      <Filter>GUI</Filter>
    </ClCompile>
    <ClCompile Include="EstadoOpciones.cpp">
      <Filter>Estados</Filter>
    </ClCompile>
    <ClCompile Include="TileMap.cpp">
      <Filter>Map</Filter>
    </ClCompile>
    <ClCompile Include="OpcionesGraficas.cpp">
      <Filter>Archivos de recursos</Filter>
    </ClCompile>
    <ClCompile Include="Atributos.cpp">
      <Filter>Componentes</Filter>
    </ClCompile>
    <ClCompile Include="Gui.cpp">
      <Filter>GUI</Filter>
    </ClCompile>
    <ClCompile Include="GUIJugador.cpp">
      <Filter>GUI</Filter>
    </ClCompile>
    <ClCompile Include="stdafx.cpp">
      <Filter>Archivos de recursos</Filter>
    </ClCompile>
    <ClCompile Include="main.cpp">
      <Filter>Archivos de origen</Filter>
    </ClCompile>
    <ClCompile Include="Items.cpp">
      <Filter>Items</Filter>
    </ClCompile>
    <ClCompile Include="Animacion2.cpp">
      <Filter>Componentes</Filter>
    </ClCompile>
    <ClCompile Include="ArmaMelee.cpp">
      <Filter>Items\Armas</Filter>
    </ClCompile>
    <ClCompile Include="ArmaRango.cpp">
      <Filter>Items\Armas</Filter>
    </ClCompile>
    <ClCompile Include="Espada.cpp">
      <Filter>Items\Armas</Filter>
    </ClCompile>
    <ClCompile Include="Orbe.cpp">
      <Filter>Items\Armas</Filter>
    </ClCompile>
    <ClCompile Include="Proyectil.cpp">
      <Filter>Items\Armas</Filter>
    </ClCompile>
    <ClCompile Include="EstadoEditor.cpp">
      <Filter>Estados\Editor</Filter>
    </ClCompile>
    <ClCompile Include="Jugador.cpp">
      <Filter>Entidades\Player</Filter>
    </ClCompile>
    <ClCompile Include="Enemigos.cpp">
      <Filter>Entidades\Enemigos</Filter>
    </ClCompile>
    <ClCompile Include="SpawnerEnemigos.cpp">
      <Filter>Tile</Filter>
    </ClCompile>
    <ClCompile Include="Modo_Editor.cpp">
      <Filter>Estados\Editor</Filter>
    </ClCompile>
    <ClCompile Include="Editor_Mapa.cpp">
      <Filter>Estados\Editor</Filter>
    </ClCompile>
  </ItemGroup>
  <ItemGroup>
    <ClInclude Include="EstadoBase.h">
      <Filter>Estados</Filter>
    </ClInclude>
    <ClInclude Include="EstadoJuego.h">
      <Filter>Estados</Filter>
    </ClInclude>
    <ClInclude Include="EstadoMenuPrincipal.h">
      <Filter>Estados</Filter>
    </ClInclude>
    <ClInclude Include="Entidades.h">
      <Filter>Entidades</Filter>
    </ClInclude>
    <ClInclude Include="Animacion.h">
      <Filter>Componentes</Filter>
    </ClInclude>
    <ClInclude Include="Movimiento.h">
      <Filter>Componentes</Filter>
    </ClInclude>
    <ClInclude Include="Hitbox.h">
      <Filter>Componentes</Filter>
    </ClInclude>
    <ClInclude Include="Tile.h">
      <Filter>Tile</Filter>
    </ClInclude>
    <ClInclude Include="MenuPausa.h">
      <Filter>GUI</Filter>
    </ClInclude>
    <ClInclude Include="EstadoOpciones.h">
      <Filter>Estados</Filter>
    </ClInclude>
    <ClInclude Include="TileMap.h">
      <Filter>Map</Filter>
    </ClInclude>
    <ClInclude Include="OpcionesGraficas.h">
      <Filter>Archivos de recursos</Filter>
    </ClInclude>
    <ClInclude Include="Atributos.h">
      <Filter>Componentes</Filter>
    </ClInclude>
    <ClInclude Include="Gui.h">
      <Filter>GUI</Filter>
    </ClInclude>
    <ClInclude Include="GUIJugador.h">
      <Filter>GUI</Filter>
    </ClInclude>
    <ClInclude Include="Game.h">
      <Filter>Archivos de origen</Filter>
    </ClInclude>
    <ClInclude Include="stdafx.h">
      <Filter>Archivos de recursos</Filter>
    </ClInclude>
    <ClInclude Include="Items.h">
      <Filter>Items</Filter>
    </ClInclude>
    <ClInclude Include="Animacion2.h">
      <Filter>Componentes</Filter>
    </ClInclude>
    <ClInclude Include="ArmaMelee.h">
      <Filter>Items\Armas</Filter>
    </ClInclude>
    <ClInclude Include="ArmaRango.h">
      <Filter>Items\Armas</Filter>
    </ClInclude>
    <ClInclude Include="Espada.h">
      <Filter>Items\Armas</Filter>
    </ClInclude>
    <ClInclude Include="Orbe.h">
      <Filter>Items\Armas</Filter>
    </ClInclude>
    <ClInclude Include="Proyectil.h">
      <Filter>Items\Armas</Filter>
    </ClInclude>
    <ClInclude Include="EstadoEditor.h">
      <Filter>Estados\Editor</Filter>
    </ClInclude>
    <ClInclude Include="Jugador.h">
      <Filter>Entidades\Player</Filter>
    </ClInclude>
    <ClInclude Include="Enemigos.h">
      <Filter>Entidades\Enemigos</Filter>
    </ClInclude>
    <ClInclude Include="SpawnerEnemigos.h">
      <Filter>Tile</Filter>
    </ClInclude>
    <ClInclude Include="Modo_Editor.h">
      <Filter>Estados\Editor</Filter>
    </ClInclude>
    <ClInclude Include="Editor_Mapa.h">
      <Filter>Estados\Editor</Filter>
    </ClInclude>
  </ItemGroup>
  <ItemGroup>
    <None Include="ClassDiagram.cd" />
    <None Include="frag_sombras.frag">
      <Filter>Archivos de recursos</Filter>
    </None>
    <None Include="vert_sombras.vert">
      <Filter>Archivos de recursos</Filter>
    </None>
    <None Include="ClassDiagram1.cd" />
  </ItemGroup>
</Project>